
Microsoft Visual Studio Solution File, Format Version 12.00
# Visual Studio Version 17
VisualStudioVersion = 17.0.31903.59
MinimumVisualStudioVersion = 10.0.40219.1
Project("{FAE04EC0-301F-11D3-BF4B-00C04F79EFBC}") = "GrpcGreeter", "GrpcGreeter\GrpcGreeter.csproj", "{A1A22E1B-F4B3-4E63-9860-515F3075B24C}"
EndProject
Project("{FAE04EC0-301F-11D3-BF4B-00C04F79EFBC}") = "GrpcGreeterClient", "GrpcGreeterClient\GrpcGreeterClient.csproj", "{2BEE45B2-9555-4604-8928-6A7FD72150BC}"
EndProject
Global
	GlobalSection(SolutionConfigurationPlatforms) = preSolution
		Debug|Any CPU = Debug|Any CPU
		Release|Any CPU = Release|Any CPU
	EndGlobalSection
	GlobalSection(SolutionProperties) = preSolution
		HideSolutionNode = FALSE
	EndGlobalSection
	GlobalSection(ProjectConfigurationPlatforms) = postSolution
		{A1A22E1B-F4B3-4E63-9860-515F3075B24C}.Debug|Any CPU.ActiveCfg = Debug|Any CPU
		{A1A22E1B-F4B3-4E63-9860-515F3075B24C}.Debug|Any CPU.Build.0 = Debug|Any CPU
		{A1A22E1B-F4B3-4E63-9860-515F3075B24C}.Release|Any CPU.ActiveCfg = Release|Any CPU
		{A1A22E1B-F4B3-4E63-9860-515F3075B24C}.Release|Any CPU.Build.0 = Release|Any CPU
		{2BEE45B2-9555-4604-8928-6A7FD72150BC}.Debug|Any CPU.ActiveCfg = Debug|Any CPU
		{2BEE45B2-9555-4604-8928-6A7FD72150BC}.Debug|Any CPU.Build.0 = Debug|Any CPU
		{2BEE45B2-9555-4604-8928-6A7FD72150BC}.Release|Any CPU.ActiveCfg = Release|Any CPU
		{2BEE45B2-9555-4604-8928-6A7FD72150BC}.Release|Any CPU.Build.0 = Release|Any CPU
	EndGlobalSection
EndGlobal
